
Microsoft Visual Studio Solution File, Format Version 12.00
Project("{FAE04EC0-301F-11D3-BF4B-00C04F79EFBC}") = "Rgp Prog dating sim", "Rgp Prog dating sim\Rgp Prog dating sim.csproj", "{92486C64-F183-4318-BEE1-1C32ED257612}"
EndProject
Global
	GlobalSection(SolutionConfigurationPlatforms) = preSolution
		Debug|Any CPU = Debug|Any CPU
		Release|Any CPU = Release|Any CPU
	EndGlobalSection
	GlobalSection(ProjectConfigurationPlatforms) = postSolution
		{92486C64-F183-4318-BEE1-1C32ED257612}.Debug|Any CPU.ActiveCfg = Debug|Any CPU
		{92486C64-F183-4318-BEE1-1C32ED257612}.Debug|Any CPU.Build.0 = Debug|Any CPU
		{92486C64-F183-4318-BEE1-1C32ED257612}.Release|Any CPU.ActiveCfg = Release|Any CPU
		{92486C64-F183-4318-BEE1-1C32ED257612}.Release|Any CPU.Build.0 = Release|Any CPU
	EndGlobalSection
EndGlobal
